# generated by rye
# use `rye lock` or `rye sync` to update this lockfile
#
# last locked with the following flags:
#   pre: false
#   features: []
#   all-features: false
#   with-sources: false
#   generate-hashes: false
#   universal: false

-e file:.
certifi==2024.8.30
    # via requests
charset-normalizer==3.4.0
    # via requests
colorama==0.4.6
    # via pytest
exceptiongroup==1.2.2
    # via pytest
idna==3.10
    # via requests
iniconfig==2.0.0
    # via pytest
packaging==24.2
    # via pytest
pluggy==1.5.0
    # via pytest
pytest==8.3.4
requests==2.32.3
    # via zuu-app
tomli==2.2.1
    # via pytest
urllib3==2.2.3
    # via requests
zuu @ git+https://github.com/zwtil/zuu2.git@a6a1e555d30aca52e0adbb67b0ffa4f14130d121#subdirectory=PYTHON_PKG/std
