# generated by rye
# use `rye lock` or `rye sync` to update this lockfile
#
# last locked with the following flags:
#   pre: false
#   features: []
#   all-features: true
#   with-sources: false
#   generate-hashes: false
#   universal: false

-e file:.
orjson==3.10.12
    # via zuu
pyyaml==6.0.2
    # via zuu
toml==0.10.2
    # via zuu
zuu-va @ git+https://github.com/zwtil/zuu2.git@4f86c7c91790883ed0895bc5a59859842df1a599#subdirectory=PYTHON_PKG/va
    # via zuu
