# generated by rye
# use `rye lock` or `rye sync` to update this lockfile
#
# last locked with the following flags:
#   pre: false
#   features: []
#   all-features: false
#   with-sources: false
#   generate-hashes: false
#   universal: false

-e file:.
pyyaml==6.0.2
zuu @ git+https://github.com/zwtil/zuu2.git@934dbb2ab74f438ef3f34deb492a80ecd39e47c9#subdirectory=PYTHON_PKG/std
