# generated by rye
# use `rye lock` or `rye sync` to update this lockfile
#
# last locked with the following flags:
#   pre: false
#   features: []
#   all-features: false
#   with-sources: false
#   generate-hashes: false
#   universal: false

-e file:.
backports-tarfile==1.2.0
    # via jaraco-context
importlib-metadata==8.5.0
    # via keyring
importlib-resources==6.4.5
    # via keyring
jaraco-classes==3.4.0
    # via keyring
jaraco-context==6.0.1
    # via keyring
jaraco-functools==4.1.0
    # via keyring
keyring==25.5.0
more-itertools==10.5.0
    # via jaraco-classes
    # via jaraco-functools
pywin32-ctypes==0.2.3
    # via keyring
zipp==3.20.2
    # via importlib-metadata
    # via importlib-resources
